
Microsoft Visual Studio Solution File, Format Version 12.00
# Visual Studio Version 16
VisualStudioVersion = 16.0.29613.14
MinimumVisualStudioVersion = 10.0.40219.1
Project("{FAE04EC0-301F-11D3-BF4B-00C04F79EFBC}") = "Web_TicketManagement", "Web_TicketManagement.csproj", "{542F2094-0E9B-43AE-9CE6-D7882B567979}"
EndProject
Global
	GlobalSection(SolutionConfigurationPlatforms) = preSolution
		Debug|Any CPU = Debug|Any CPU
		Release|Any CPU = Release|Any CPU
	EndGlobalSection
	GlobalSection(ProjectConfigurationPlatforms) = postSolution
		{542F2094-0E9B-43AE-9CE6-D7882B567979}.Debug|Any CPU.ActiveCfg = Debug|Any CPU
		{542F2094-0E9B-43AE-9CE6-D7882B567979}.Debug|Any CPU.Build.0 = Debug|Any CPU
		{542F2094-0E9B-43AE-9CE6-D7882B567979}.Release|Any CPU.ActiveCfg = Release|Any CPU
		{542F2094-0E9B-43AE-9CE6-D7882B567979}.Release|Any CPU.Build.0 = Release|Any CPU
	EndGlobalSection
	GlobalSection(SolutionProperties) = preSolution
		HideSolutionNode = FALSE
	EndGlobalSection
	GlobalSection(ExtensibilityGlobals) = postSolution
		SolutionGuid = {EB6E9D4F-6B73-47BC-9954-CD55C9852B4A}
	EndGlobalSection
EndGlobal
